
Microsoft Visual Studio Solution File, Format Version 12.00
Project("{FAE04EC0-301F-11D3-BF4B-00C04F79EFBC}") = "AlfaBetBackendExercise", "AlfaBetBackendExercise\AlfaBetBackendExercise.csproj", "{8F297451-86A1-49BB-A068-A3778425553D}"
EndProject
Global
	GlobalSection(SolutionConfigurationPlatforms) = preSolution
		Debug|Any CPU = Debug|Any CPU
		Release|Any CPU = Release|Any CPU
	EndGlobalSection
	GlobalSection(ProjectConfigurationPlatforms) = postSolution
		{8F297451-86A1-49BB-A068-A3778425553D}.Debug|Any CPU.ActiveCfg = Debug|Any CPU
		{8F297451-86A1-49BB-A068-A3778425553D}.Debug|Any CPU.Build.0 = Debug|Any CPU
		{8F297451-86A1-49BB-A068-A3778425553D}.Release|Any CPU.ActiveCfg = Release|Any CPU
		{8F297451-86A1-49BB-A068-A3778425553D}.Release|Any CPU.Build.0 = Release|Any CPU
	EndGlobalSection
EndGlobal
